
Microsoft Visual Studio Solution File, Format Version 12.00
# Visual Studio 15
Project("{FAE04EC0-301F-11D3-BF4B-00C04F79EFBC}") = "GltfLoading", "GltfLoading.csproj", "{4A7836FA-73D7-BD9F-57C5-68DE1172C75D}"
EndProject
Project("{FAE04EC0-301F-11D3-BF4B-00C04F79EFBC}") = "GltfLoading.Editor", "GltfLoading.Editor.csproj", "{96830DA7-CF70-29EB-C301-7EE6ADD43E15}"
EndProject
Global
	GlobalSection(SolutionConfigurationPlatforms) = preSolution
		Debug|Any CPU = Debug|Any CPU
		Release|Any CPU = Release|Any CPU
	EndGlobalSection
	GlobalSection(ProjectConfigurationPlatforms) = postSolution
		{4A7836FA-73D7-BD9F-57C5-68DE1172C75D}.Debug|Any CPU.ActiveCfg = Debug|Any CPU
		{4A7836FA-73D7-BD9F-57C5-68DE1172C75D}.Debug|Any CPU.Build.0 = Debug|Any CPU
		{4A7836FA-73D7-BD9F-57C5-68DE1172C75D}.Release|Any CPU.ActiveCfg = Release|Any CPU
		{4A7836FA-73D7-BD9F-57C5-68DE1172C75D}.Release|Any CPU.Build.0 = Release|Any CPU
		{96830DA7-CF70-29EB-C301-7EE6ADD43E15}.Debug|Any CPU.ActiveCfg = Debug|Any CPU
		{96830DA7-CF70-29EB-C301-7EE6ADD43E15}.Debug|Any CPU.Build.0 = Debug|Any CPU
		{96830DA7-CF70-29EB-C301-7EE6ADD43E15}.Release|Any CPU.ActiveCfg = Release|Any CPU
		{96830DA7-CF70-29EB-C301-7EE6ADD43E15}.Release|Any CPU.Build.0 = Release|Any CPU
	EndGlobalSection
	GlobalSection(SolutionProperties) = preSolution
		HideSolutionNode = FALSE
	EndGlobalSection
EndGlobal
